// !$*UTF8*$!
{
	archiveVersion = 1;
	classes = {
	};
	objectVersion = 46;
	objects = {

/* Begin PBXBuildFile section */
		1FC49C58209FCE6027BA0E97 /* Pods_MoneyMapp.framework in Frameworks */ = {isa = PBXBuildFile; fileRef = 269B237EF3720CD008B20456 /* Pods_MoneyMapp.framework */; };
		460FE7641D00C27D0038EEB5 /* AppDelegate.swift in Sources */ = {isa = PBXBuildFile; fileRef = 460FE7631D00C27D0038EEB5 /* AppDelegate.swift */; };
		460FE7691D00C27D0038EEB5 /* Main.storyboard in Resources */ = {isa = PBXBuildFile; fileRef = 460FE7671D00C27D0038EEB5 /* Main.storyboard */; };
		460FE76C1D00C27D0038EEB5 /* MoneyMapp.xcdatamodeld in Sources */ = {isa = PBXBuildFile; fileRef = 460FE76A1D00C27D0038EEB5 /* MoneyMapp.xcdatamodeld */; };
		460FE76E1D00C27D0038EEB5 /* Assets.xcassets in Resources */ = {isa = PBXBuildFile; fileRef = 460FE76D1D00C27D0038EEB5 /* Assets.xcassets */; };
		460FE77C1D00C27D0038EEB5 /* MoneyMappTests.swift in Sources */ = {isa = PBXBuildFile; fileRef = 460FE77B1D00C27D0038EEB5 /* MoneyMappTests.swift */; };
		460FE7871D00C27E0038EEB5 /* MoneyMappUITests.swift in Sources */ = {isa = PBXBuildFile; fileRef = 460FE7861D00C27E0038EEB5 /* MoneyMappUITests.swift */; };
		460FE7961D00C2BD0038EEB5 /* Material.swift in Sources */ = {isa = PBXBuildFile; fileRef = 460FE7951D00C2BD0038EEB5 /* Material.swift */; };
		460FE7981D00C2DA0038EEB5 /* CustomTextField.swift in Sources */ = {isa = PBXBuildFile; fileRef = 460FE7971D00C2DA0038EEB5 /* CustomTextField.swift */; };
		460FE79E1D00C33A0038EEB5 /* MainViewController.swift in Sources */ = {isa = PBXBuildFile; fileRef = 460FE79D1D00C33A0038EEB5 /* MainViewController.swift */; };
		460FE7A01D00C3510038EEB5 /* AddExpenseViewController.swift in Sources */ = {isa = PBXBuildFile; fileRef = 460FE79F1D00C3510038EEB5 /* AddExpenseViewController.swift */; };
		460FE7A21D00C3790038EEB5 /* SettingsViewController.swift in Sources */ = {isa = PBXBuildFile; fileRef = 460FE7A11D00C3790038EEB5 /* SettingsViewController.swift */; };
		460FE7A41D00C3BA0038EEB5 /* ExpenseTableViewCell.swift in Sources */ = {isa = PBXBuildFile; fileRef = 460FE7A31D00C3BA0038EEB5 /* ExpenseTableViewCell.swift */; };
		460FE7A71D00C3E10038EEB5 /* AllowedCharsTextField.swift in Sources */ = {isa = PBXBuildFile; fileRef = 460FE7A51D00C3E10038EEB5 /* AllowedCharsTextField.swift */; };
		460FE7A81D00C3E10038EEB5 /* BannedCharsTextField.swift in Sources */ = {isa = PBXBuildFile; fileRef = 460FE7A61D00C3E10038EEB5 /* BannedCharsTextField.swift */; };
		460FE7AB1D00C48B0038EEB5 /* Expense+CoreDataProperties.swift in Sources */ = {isa = PBXBuildFile; fileRef = 460FE7A91D00C48B0038EEB5 /* Expense+CoreDataProperties.swift */; };
		460FE7AC1D00C48B0038EEB5 /* Expense.swift in Sources */ = {isa = PBXBuildFile; fileRef = 460FE7AA1D00C48B0038EEB5 /* Expense.swift */; };
		4658515F1D013E1E005D4343 /* Launch Screen.storyboard in Resources */ = {isa = PBXBuildFile; fileRef = 4658515E1D013E1E005D4343 /* Launch Screen.storyboard */; };
/* End PBXBuildFile section */

/* Begin PBXContainerItemProxy section */
		460FE7781D00C27D0038EEB5 /* PBXContainerItemProxy */ = {
			isa = PBXContainerItemProxy;
			containerPortal = 460FE7581D00C27D0038EEB5 /* Project object */;
			proxyType = 1;
			remoteGlobalIDString = 460FE75F1D00C27D0038EEB5;
			remoteInfo = MoneyMapp;
		};
		460FE7831D00C27E0038EEB5 /* PBXContainerItemProxy */ = {
			isa = PBXContainerItemProxy;
			containerPortal = 460FE7581D00C27D0038EEB5 /* Project object */;
			proxyType = 1;
			remoteGlobalIDString = 460FE75F1D00C27D0038EEB5;
			remoteInfo = MoneyMapp;
		};
/* End PBXContainerItemProxy section */

/* Begin PBXFileReference section */
		025E9268185E48A968D9D3D9 /* Pods-MoneyMapp.debug.xcconfig */ = {isa = PBXFileReference; includeInIndex = 1; lastKnownFileType = text.xcconfig; name = "Pods-MoneyMapp.debug.xcconfig"; path = "Pods/Target Support Files/Pods-MoneyMapp/Pods-MoneyMapp.debug.xcconfig"; sourceTree = "<group>"; };
		0F1AED792DF1CEC0043E4C4B /* Pods_MoneyMappUITests.framework */ = {isa = PBXFileReference; explicitFileType = wrapper.framework; includeInIndex = 0; path = Pods_MoneyMappUITests.framework; sourceTree = BUILT_PRODUCTS_DIR; };
		184A1167FABF48B900230FD4 /* Pods_MoneyMappTests.framework */ = {isa = PBXFileReference; explicitFileType = wrapper.framework; includeInIndex = 0; path = Pods_MoneyMappTests.framework; sourceTree = BUILT_PRODUCTS_DIR; };
		269B237EF3720CD008B20456 /* Pods_MoneyMapp.framework */ = {isa = PBXFileReference; explicitFileType = wrapper.framework; includeInIndex = 0; path = Pods_MoneyMapp.framework; sourceTree = BUILT_PRODUCTS_DIR; };
		27A1DA4A01A508606655527E /* Pods-MoneyMapp.release.xcconfig */ = {isa = PBXFileReference; includeInIndex = 1; lastKnownFileType = text.xcconfig; name = "Pods-MoneyMapp.release.xcconfig"; path = "Pods/Target Support Files/Pods-MoneyMapp/Pods-MoneyMapp.release.xcconfig"; sourceTree = "<group>"; };
		460FE7601D00C27D0038EEB5 /* MoneyMapp.app */ = {isa = PBXFileReference; explicitFileType = wrapper.application; includeInIndex = 0; path = MoneyMapp.app; sourceTree = BUILT_PRODUCTS_DIR; };
		460FE7631D00C27D0038EEB5 /* AppDelegate.swift */ = {isa = PBXFileReference; lastKnownFileType = sourcecode.swift; path = AppDelegate.swift; sourceTree = "<group>"; };
		460FE7681D00C27D0038EEB5 /* Base */ = {isa = PBXFileReference; lastKnownFileType = file.storyboard; name = Base; path = Base.lproj/Main.storyboard; sourceTree = "<group>"; };
		460FE76B1D00C27D0038EEB5 /* MoneyMapp.xcdatamodel */ = {isa = PBXFileReference; lastKnownFileType = wrapper.xcdatamodel; path = MoneyMapp.xcdatamodel; sourceTree = "<group>"; };
		460FE76D1D00C27D0038EEB5 /* Assets.xcassets */ = {isa = PBXFileReference; lastKnownFileType = folder.assetcatalog; path = Assets.xcassets; sourceTree = "<group>"; };
		460FE7721D00C27D0038EEB5 /* Info.plist */ = {isa = PBXFileReference; lastKnownFileType = text.plist.xml; path = Info.plist; sourceTree = "<group>"; };
		460FE7771D00C27D0038EEB5 /* MoneyMappTests.xctest */ = {isa = PBXFileReference; explicitFileType = wrapper.cfbundle; includeInIndex = 0; path = MoneyMappTests.xctest; sourceTree = BUILT_PRODUCTS_DIR; };
		460FE77B1D00C27D0038EEB5 /* MoneyMappTests.swift */ = {isa = PBXFileReference; lastKnownFileType = sourcecode.swift; path = MoneyMappTests.swift; sourceTree = "<group>"; };
		460FE77D1D00C27D0038EEB5 /* Info.plist */ = {isa = PBXFileReference; lastKnownFileType = text.plist.xml; path = Info.plist; sourceTree = "<group>"; };
		460FE7821D00C27E0038EEB5 /* MoneyMappUITests.xctest */ = {isa = PBXFileReference; explicitFileType = wrapper.cfbundle; includeInIndex = 0; path = MoneyMappUITests.xctest; sourceTree = BUILT_PRODUCTS_DIR; };
		460FE7861D00C27E0038EEB5 /* MoneyMappUITests.swift */ = {isa = PBXFileReference; lastKnownFileType = sourcecode.swift; path = MoneyMappUITests.swift; sourceTree = "<group>"; };
		460FE7881D00C27E0038EEB5 /* Info.plist */ = {isa = PBXFileReference; lastKnownFileType = text.plist.xml; path = Info.plist; sourceTree = "<group>"; };
		460FE7951D00C2BD0038EEB5 /* Material.swift */ = {isa = PBXFileReference; fileEncoding = 4; lastKnownFileType = sourcecode.swift; path = Material.swift; sourceTree = "<group>"; };
		460FE7971D00C2DA0038EEB5 /* CustomTextField.swift */ = {isa = PBXFileReference; fileEncoding = 4; lastKnownFileType = sourcecode.swift; path = CustomTextField.swift; sourceTree = "<group>"; };
		460FE79D1D00C33A0038EEB5 /* MainViewController.swift */ = {isa = PBXFileReference; fileEncoding = 4; lastKnownFileType = sourcecode.swift; path = MainViewController.swift; sourceTree = "<group>"; };
		460FE79F1D00C3510038EEB5 /* AddExpenseViewController.swift */ = {isa = PBXFileReference; fileEncoding = 4; lastKnownFileType = sourcecode.swift; path = AddExpenseViewController.swift; sourceTree = "<group>"; };
		460FE7A11D00C3790038EEB5 /* SettingsViewController.swift */ = {isa = PBXFileReference; fileEncoding = 4; lastKnownFileType = sourcecode.swift; path = SettingsViewController.swift; sourceTree = "<group>"; };
		460FE7A31D00C3BA0038EEB5 /* ExpenseTableViewCell.swift */ = {isa = PBXFileReference; fileEncoding = 4; lastKnownFileType = sourcecode.swift; path = ExpenseTableViewCell.swift; sourceTree = "<group>"; };
		460FE7A51D00C3E10038EEB5 /* AllowedCharsTextField.swift */ = {isa = PBXFileReference; fileEncoding = 4; lastKnownFileType = sourcecode.swift; path = AllowedCharsTextField.swift; sourceTree = "<group>"; };
		460FE7A61D00C3E10038EEB5 /* BannedCharsTextField.swift */ = {isa = PBXFileReference; fileEncoding = 4; lastKnownFileType = sourcecode.swift; path = BannedCharsTextField.swift; sourceTree = "<group>"; };
		460FE7A91D00C48B0038EEB5 /* Expense+CoreDataProperties.swift */ = {isa = PBXFileReference; fileEncoding = 4; lastKnownFileType = sourcecode.swift; path = "Expense+CoreDataProperties.swift"; sourceTree = "<group>"; };
		460FE7AA1D00C48B0038EEB5 /* Expense.swift */ = {isa = PBXFileReference; fileEncoding = 4; lastKnownFileType = sourcecode.swift; path = Expense.swift; sourceTree = "<group>"; };
		4658515E1D013E1E005D4343 /* Launch Screen.storyboard */ = {isa = PBXFileReference; fileEncoding = 4; lastKnownFileType = file.storyboard; path = "Launch Screen.storyboard"; sourceTree = "<group>"; };
/* End PBXFileReference section */

/* Begin PBXFrameworksBuildPhase section */
		460FE75D1D00C27D0038EEB5 /* Frameworks */ = {
			isa = PBXFrameworksBuildPhase;
			buildActionMask = 2147483647;
			files = (
				1FC49C58209FCE6027BA0E97 /* Pods_MoneyMapp.framework in Frameworks */,
			);
			runOnlyForDeploymentPostprocessing = 0;
		};
		460FE7741D00C27D0038EEB5 /* Frameworks */ = {
			isa = PBXFrameworksBuildPhase;
			buildActionMask = 2147483647;
			files = (
			);
			runOnlyForDeploymentPostprocessing = 0;
		};
		460FE77F1D00C27E0038EEB5 /* Frameworks */ = {
			isa = PBXFrameworksBuildPhase;
			buildActionMask = 2147483647;
			files = (
			);
			runOnlyForDeploymentPostprocessing = 0;
		};
/* End PBXFrameworksBuildPhase section */

/* Begin PBXGroup section */
		1282C643005421570D11493E /* Pods */ = {
			isa = PBXGroup;
			children = (
				025E9268185E48A968D9D3D9 /* Pods-MoneyMapp.debug.xcconfig */,
				27A1DA4A01A508606655527E /* Pods-MoneyMapp.release.xcconfig */,
			);
			name = Pods;
			sourceTree = "<group>";
		};
		460FE7571D00C27D0038EEB5 = {
			isa = PBXGroup;
			children = (
				460FE7621D00C27D0038EEB5 /* MoneyMapp */,
				460FE77A1D00C27D0038EEB5 /* MoneyMappTests */,
				460FE7851D00C27E0038EEB5 /* MoneyMappUITests */,
				460FE7611D00C27D0038EEB5 /* Products */,
				1282C643005421570D11493E /* Pods */,
				94DA25E548E5C18D8661F79F /* Frameworks */,
			);
			sourceTree = "<group>";
		};
		460FE7611D00C27D0038EEB5 /* Products */ = {
			isa = PBXGroup;
			children = (
				460FE7601D00C27D0038EEB5 /* MoneyMapp.app */,
				460FE7771D00C27D0038EEB5 /* MoneyMappTests.xctest */,
				460FE7821D00C27E0038EEB5 /* MoneyMappUITests.xctest */,
			);
			name = Products;
			sourceTree = "<group>";
		};
		460FE7621D00C27D0038EEB5 /* MoneyMapp */ = {
			isa = PBXGroup;
			children = (
				460FE79C1D00C30C0038EEB5 /* Model */,
				460FE79A1D00C2FF0038EEB5 /* View */,
				460FE7991D00C2F30038EEB5 /* Controller */,
				460FE7941D00C2A40038EEB5 /* MaterialDesign */,
				460FE79B1D00C3050038EEB5 /* Supporting */,
			);
			path = MoneyMapp;
			sourceTree = "<group>";
		};
		460FE77A1D00C27D0038EEB5 /* MoneyMappTests */ = {
			isa = PBXGroup;
			children = (
				460FE77B1D00C27D0038EEB5 /* MoneyMappTests.swift */,
				460FE77D1D00C27D0038EEB5 /* Info.plist */,
			);
			path = MoneyMappTests;
			sourceTree = "<group>";
		};
		460FE7851D00C27E0038EEB5 /* MoneyMappUITests */ = {
			isa = PBXGroup;
			children = (
				460FE7861D00C27E0038EEB5 /* MoneyMappUITests.swift */,
				460FE7881D00C27E0038EEB5 /* Info.plist */,
			);
			path = MoneyMappUITests;
			sourceTree = "<group>";
		};
		460FE7941D00C2A40038EEB5 /* MaterialDesign */ = {
			isa = PBXGroup;
			children = (
				460FE7951D00C2BD0038EEB5 /* Material.swift */,
				460FE7971D00C2DA0038EEB5 /* CustomTextField.swift */,
			);
			name = MaterialDesign;
			sourceTree = "<group>";
		};
		460FE7991D00C2F30038EEB5 /* Controller */ = {
			isa = PBXGroup;
			children = (
				460FE79D1D00C33A0038EEB5 /* MainViewController.swift */,
				460FE7A11D00C3790038EEB5 /* SettingsViewController.swift */,
				460FE79F1D00C3510038EEB5 /* AddExpenseViewController.swift */,
				460FE7A31D00C3BA0038EEB5 /* ExpenseTableViewCell.swift */,
			);
			name = Controller;
			sourceTree = "<group>";
		};
		460FE79A1D00C2FF0038EEB5 /* View */ = {
			isa = PBXGroup;
			children = (
				460FE7671D00C27D0038EEB5 /* Main.storyboard */,
				460FE76D1D00C27D0038EEB5 /* Assets.xcassets */,
				4658515E1D013E1E005D4343 /* Launch Screen.storyboard */,
			);
			name = View;
			sourceTree = "<group>";
		};
		460FE79B1D00C3050038EEB5 /* Supporting */ = {
			isa = PBXGroup;
			children = (
				460FE7721D00C27D0038EEB5 /* Info.plist */,
				460FE7631D00C27D0038EEB5 /* AppDelegate.swift */,
				460FE7A51D00C3E10038EEB5 /* AllowedCharsTextField.swift */,
				460FE7A61D00C3E10038EEB5 /* BannedCharsTextField.swift */,
			);
			name = Supporting;
			sourceTree = "<group>";
		};
		460FE79C1D00C30C0038EEB5 /* Model */ = {
			isa = PBXGroup;
			children = (
				460FE76A1D00C27D0038EEB5 /* MoneyMapp.xcdatamodeld */,
				460FE7A91D00C48B0038EEB5 /* Expense+CoreDataProperties.swift */,
				460FE7AA1D00C48B0038EEB5 /* Expense.swift */,
			);
			name = Model;
			sourceTree = "<group>";
		};
		94DA25E548E5C18D8661F79F /* Frameworks */ = {
			isa = PBXGroup;
			children = (
				269B237EF3720CD008B20456 /* Pods_MoneyMapp.framework */,
				184A1167FABF48B900230FD4 /* Pods_MoneyMappTests.framework */,
				0F1AED792DF1CEC0043E4C4B /* Pods_MoneyMappUITests.framework */,
			);
			name = Frameworks;
			sourceTree = "<group>";
		};
/* End PBXGroup section */

/* Begin PBXNativeTarget section */
		460FE75F1D00C27D0038EEB5 /* MoneyMapp */ = {
			isa = PBXNativeTarget;
			buildConfigurationList = 460FE78B1D00C27E0038EEB5 /* Build configuration list for PBXNativeTarget "MoneyMapp" */;
			buildPhases = (
				6FBF7B2A7C8D53B768908D38 /* [CP] Check Pods Manifest.lock */,
				460FE75C1D00C27D0038EEB5 /* Sources */,
				460FE75D1D00C27D0038EEB5 /* Frameworks */,
				460FE75E1D00C27D0038EEB5 /* Resources */,
				CAEF8D2051805CCAFBEE2698 /* [CP] Embed Pods Frameworks */,
				5093EE6FA854E13EDA733690 /* [CP] Copy Pods Resources */,
			);
			buildRules = (
			);
			dependencies = (
			);
			name = MoneyMapp;
			productName = MoneyMapp;
			productReference = 460FE7601D00C27D0038EEB5 /* MoneyMapp.app */;
			productType = "com.apple.product-type.application";
		};
		460FE7761D00C27D0038EEB5 /* MoneyMappTests */ = {
			isa = PBXNativeTarget;
			buildConfigurationList = 460FE78E1D00C27E0038EEB5 /* Build configuration list for PBXNativeTarget "MoneyMappTests" */;
			buildPhases = (
				3BD51AAEF74632814F3ACFC7 /* [CP] Check Pods Manifest.lock */,
				460FE7731D00C27D0038EEB5 /* Sources */,
				460FE7741D00C27D0038EEB5 /* Frameworks */,
				460FE7751D00C27D0038EEB5 /* Resources */,
				99DC41E73AF38BAFE1670B16 /* [CP] Embed Pods Frameworks */,
				0CEC394692ABC0B6EF798933 /* [CP] Copy Pods Resources */,
			);
			buildRules = (
			);
			dependencies = (
				460FE7791D00C27D0038EEB5 /* PBXTargetDependency */,
			);
			name = MoneyMappTests;
			productName = MoneyMappTests;
			productReference = 460FE7771D00C27D0038EEB5 /* MoneyMappTests.xctest */;
			productType = "com.apple.product-type.bundle.unit-test";
		};
		460FE7811D00C27E0038EEB5 /* MoneyMappUITests */ = {
			isa = PBXNativeTarget;
			buildConfigurationList = 460FE7911D00C27E0038EEB5 /* Build configuration list for PBXNativeTarget "MoneyMappUITests" */;
			buildPhases = (
				CD1E6348839BCFCE8FF772D7 /* [CP] Check Pods Manifest.lock */,
				460FE77E1D00C27E0038EEB5 /* Sources */,
				460FE77F1D00C27E0038EEB5 /* Frameworks */,
				460FE7801D00C27E0038EEB5 /* Resources */,
				D45D5159CBD7B3F45853E69B /* [CP] Copy Pods Resources */,
			);
			buildRules = (
			);
			dependencies = (
				460FE7841D00C27E0038EEB5 /* PBXTargetDependency */,
			);
			name = MoneyMappUITests;
			productName = MoneyMappUITests;
			productReference = 460FE7821D00C27E0038EEB5 /* MoneyMappUITests.xctest */;
			productType = "com.apple.product-type.bundle.ui-testing";
		};
/* End PBXNativeTarget section */

/* Begin PBXProject section */
		460FE7581D00C27D0038EEB5 /* Project object */ = {
			isa = PBXProject;
			attributes = {
				LastSwiftUpdateCheck = 0720;
				LastUpgradeCheck = 0720;
				ORGANIZATIONNAME = "Tung Ly";
				TargetAttributes = {
					460FE75F1D00C27D0038EEB5 = {
						CreatedOnToolsVersion = 7.2;
						DevelopmentTeam = 66728D7G65;
					};
					460FE7761D00C27D0038EEB5 = {
						CreatedOnToolsVersion = 7.2;
						TestTargetID = 460FE75F1D00C27D0038EEB5;
					};
					460FE7811D00C27E0038EEB5 = {
						CreatedOnToolsVersion = 7.2;
						TestTargetID = 460FE75F1D00C27D0038EEB5;
					};
				};
			};
			buildConfigurationList = 460FE75B1D00C27D0038EEB5 /* Build configuration list for PBXProject "MoneyMapp" */;
			compatibilityVersion = "Xcode 3.2";
			developmentRegion = English;
			hasScannedForEncodings = 0;
			knownRegions = (
				en,
				Base,
			);
			mainGroup = 460FE7571D00C27D0038EEB5;
			productRefGroup = 460FE7611D00C27D0038EEB5 /* Products */;
			projectDirPath = "";
			projectRoot = "";
			targets = (
				460FE75F1D00C27D0038EEB5 /* MoneyMapp */,
				460FE7761D00C27D0038EEB5 /* MoneyMappTests */,
				460FE7811D00C27E0038EEB5 /* MoneyMappUITests */,
			);
		};
/* End PBXProject section */

/* Begin PBXResourcesBuildPhase section */
		460FE75E1D00C27D0038EEB5 /* Resources */ = {
			isa = PBXResourcesBuildPhase;
			buildActionMask = 2147483647;
			files = (
				460FE76E1D00C27D0038EEB5 /* Assets.xcassets in Resources */,
				4658515F1D013E1E005D4343 /* Launch Screen.storyboard in Resources */,
				460FE7691D00C27D0038EEB5 /* Main.storyboard in Resources */,
			);
			runOnlyForDeploymentPostprocessing = 0;
		};
		460FE7751D00C27D0038EEB5 /* Resources */ = {
			isa = PBXResourcesBuildPhase;
			buildActionMask = 2147483647;
			files = (
			);
			runOnlyForDeploymentPostprocessing = 0;
		};
		460FE7801D00C27E0038EEB5 /* Resources */ = {
			isa = PBXResourcesBuildPhase;
			buildActionMask = 2147483647;
			files = (
			);
			runOnlyForDeploymentPostprocessing = 0;
		};
/* End PBXResourcesBuildPhase section */

/* Begin PBXShellScriptBuildPhase section */
		0CEC394692ABC0B6EF798933 /* [CP] Copy Pods Resources */ = {
			isa = PBXShellScriptBuildPhase;
			buildActionMask = 2147483647;
			files = (
			);
			inputPaths = (
			);
			name = "[CP] Copy Pods Resources";
			outputPaths = (
			);
			runOnlyForDeploymentPostprocessing = 0;
			shellPath = /bin/sh;
			shellScript = "\"${SRCROOT}/Pods/Target Support Files/Pods-MoneyMappTests/Pods-MoneyMappTests-resources.sh\"\n";
			showEnvVarsInLog = 0;
		};
		3BD51AAEF74632814F3ACFC7 /* [CP] Check Pods Manifest.lock */ = {
			isa = PBXShellScriptBuildPhase;
			buildActionMask = 2147483647;
			files = (
			);
			inputPaths = (
			);
			name = "[CP] Check Pods Manifest.lock";
			outputPaths = (
			);
			runOnlyForDeploymentPostprocessing = 0;
			shellPath = /bin/sh;
			shellScript = "diff \"${PODS_ROOT}/../Podfile.lock\" \"${PODS_ROOT}/Manifest.lock\" > /dev/null\nif [[ $? != 0 ]] ; then\n    cat << EOM\nerror: The sandbox is not in sync with the Podfile.lock. Run 'pod install' or update your CocoaPods installation.\nEOM\n    exit 1\nfi\n";
			showEnvVarsInLog = 0;
		};
		5093EE6FA854E13EDA733690 /* [CP] Copy Pods Resources */ = {
			isa = PBXShellScriptBuildPhase;
			buildActionMask = 2147483647;
			files = (
			);
			inputPaths = (
			);
			name = "[CP] Copy Pods Resources";
			outputPaths = (
			);
			runOnlyForDeploymentPostprocessing = 0;
			shellPath = /bin/sh;
			shellScript = "\"${SRCROOT}/Pods/Target Support Files/Pods-MoneyMapp/Pods-MoneyMapp-resources.sh\"\n";
			showEnvVarsInLog = 0;
		};
		6FBF7B2A7C8D53B768908D38 /* [CP] Check Pods Manifest.lock */ = {
			isa = PBXShellScriptBuildPhase;
			buildActionMask = 2147483647;
			files = (
			);
			inputPaths = (
			);
			name = "[CP] Check Pods Manifest.lock";
			outputPaths = (
			);
			runOnlyForDeploymentPostprocessing = 0;
			shellPath = /bin/sh;
			shellScript = "diff \"${PODS_ROOT}/../Podfile.lock\" \"${PODS_ROOT}/Manifest.lock\" > /dev/null\nif [[ $? != 0 ]] ; then\n    cat << EOM\nerror: The sandbox is not in sync with the Podfile.lock. Run 'pod install' or update your CocoaPods installation.\nEOM\n    exit 1\nfi\n";
			showEnvVarsInLog = 0;
		};
		99DC41E73AF38BAFE1670B16 /* [CP] Embed Pods Frameworks */ = {
			isa = PBXShellScriptBuildPhase;
			buildActionMask = 2147483647;
			files = (
			);
			inputPaths = (
			);
			name = "[CP] Embed Pods Frameworks";
			outputPaths = (
			);
			runOnlyForDeploymentPostprocessing = 0;
			shellPath = /bin/sh;
			shellScript = "\"${SRCROOT}/Pods/Target Support Files/Pods-MoneyMappTests/Pods-MoneyMappTests-frameworks.sh\"\n";
			showEnvVarsInLog = 0;
		};
		CAEF8D2051805CCAFBEE2698 /* [CP] Embed Pods Frameworks */ = {
			isa = PBXShellScriptBuildPhase;
			buildActionMask = 2147483647;
			files = (
			);
			inputPaths = (
			);
			name = "[CP] Embed Pods Frameworks";
			outputPaths = (
			);
			runOnlyForDeploymentPostprocessing = 0;
			shellPath = /bin/sh;
			shellScript = "\"${SRCROOT}/Pods/Target Support Files/Pods-MoneyMapp/Pods-MoneyMapp-frameworks.sh\"\n";
			showEnvVarsInLog = 0;
		};
		CD1E6348839BCFCE8FF772D7 /* [CP] Check Pods Manifest.lock */ = {
			isa = PBXShellScriptBuildPhase;
			buildActionMask = 2147483647;
			files = (
			);
			inputPaths = (
			);
			name = "[CP] Check Pods Manifest.lock";
			outputPaths = (
			);
			runOnlyForDeploymentPostprocessing = 0;
			shellPath = /bin/sh;
			shellScript = "diff \"${PODS_ROOT}/../Podfile.lock\" \"${PODS_ROOT}/Manifest.lock\" > /dev/null\nif [[ $? != 0 ]] ; then\n    cat << EOM\nerror: The sandbox is not in sync with the Podfile.lock. Run 'pod install' or update your CocoaPods installation.\nEOM\n    exit 1\nfi\n";
			showEnvVarsInLog = 0;
		};
		D45D5159CBD7B3F45853E69B /* [CP] Copy Pods Resources */ = {
			isa = PBXShellScriptBuildPhase;
			buildActionMask = 2147483647;
			files = (
			);
			inputPaths = (
			);
			name = "[CP] Copy Pods Resources";
			outputPaths = (
			);
			runOnlyForDeploymentPostprocessing = 0;
			shellPath = /bin/sh;
			shellScript = "\"${SRCROOT}/Pods/Target Support Files/Pods-MoneyMappUITests/Pods-MoneyMappUITests-resources.sh\"\n";
			showEnvVarsInLog = 0;
		};
/* End PBXShellScriptBuildPhase section */

/* Begin PBXSourcesBuildPhase section */
		460FE75C1D00C27D0038EEB5 /* Sources */ = {
			isa = PBXSourcesBuildPhase;
			buildActionMask = 2147483647;
			files = (
				460FE7961D00C2BD0038EEB5 /* Material.swift in Sources */,
				460FE7A81D00C3E10038EEB5 /* BannedCharsTextField.swift in Sources */,
				460FE76C1D00C27D0038EEB5 /* MoneyMapp.xcdatamodeld in Sources */,
				460FE7A41D00C3BA0038EEB5 /* ExpenseTableViewCell.swift in Sources */,
				460FE79E1D00C33A0038EEB5 /* MainViewController.swift in Sources */,
				460FE7641D00C27D0038EEB5 /* AppDelegate.swift in Sources */,
				460FE7981D00C2DA0038EEB5 /* CustomTextField.swift in Sources */,
				460FE7AB1D00C48B0038EEB5 /* Expense+CoreDataProperties.swift in Sources */,
				460FE7A01D00C3510038EEB5 /* AddExpenseViewController.swift in Sources */,
				460FE7A71D00C3E10038EEB5 /* AllowedCharsTextField.swift in Sources */,
				460FE7AC1D00C48B0038EEB5 /* Expense.swift in Sources */,
				460FE7A21D00C3790038EEB5 /* SettingsViewController.swift in Sources */,
			);
			runOnlyForDeploymentPostprocessing = 0;
		};
		460FE7731D00C27D0038EEB5 /* Sources */ = {
			isa = PBXSourcesBuildPhase;
			buildActionMask = 2147483647;
			files = (
				460FE77C1D00C27D0038EEB5 /* MoneyMappTests.swift in Sources */,
			);
			runOnlyForDeploymentPostprocessing = 0;
		};
		460FE77E1D00C27E0038EEB5 /* Sources */ = {
			isa = PBXSourcesBuildPhase;
			buildActionMask = 2147483647;
			files = (
				460FE7871D00C27E0038EEB5 /* MoneyMappUITests.swift in Sources */,
			);
			runOnlyForDeploymentPostprocessing = 0;
		};
/* End PBXSourcesBuildPhase section */

/* Begin PBXTargetDependency section */
		460FE7791D00C27D0038EEB5 /* PBXTargetDependency */ = {
			isa = PBXTargetDependency;
			target = 460FE75F1D00C27D0038EEB5 /* MoneyMapp */;
			targetProxy = 460FE7781D00C27D0038EEB5 /* PBXContainerItemProxy */;
		};
		460FE7841D00C27E0038EEB5 /* PBXTargetDependency */ = {
			isa = PBXTargetDependency;
			target = 460FE75F1D00C27D0038EEB5 /* MoneyMapp */;
			targetProxy = 460FE7831D00C27E0038EEB5 /* PBXContainerItemProxy */;
		};
/* End PBXTargetDependency section */

/* Begin PBXVariantGroup section */
		460FE7671D00C27D0038EEB5 /* Main.storyboard */ = {
			isa = PBXVariantGroup;
			children = (
				460FE7681D00C27D0038EEB5 /* Base */,
			);
			name = Main.storyboard;
			sourceTree = "<group>";
		};
/* End PBXVariantGroup section */

/* Begin XCBuildConfiguration section */
		460FE7891D00C27E0038EEB5 /* Debug */ = {
			isa = XCBuildConfiguration;
			buildSettings = {
				ALWAYS_SEARCH_USER_PATHS = NO;
				CLANG_CXX_LANGUAGE_STANDARD = "gnu++0x";
				CLANG_CXX_LIBRARY = "libc++";
				CLANG_ENABLE_MODULES = YES;
				CLANG_ENABLE_OBJC_ARC = YES;
				CLANG_WARN_BOOL_CONVERSION = YES;
				CLANG_WARN_CONSTANT_CONVERSION = YES;
				CLANG_WARN_DIRECT_OBJC_ISA_USAGE = YES_ERROR;
				CLANG_WARN_EMPTY_BODY = YES;
				CLANG_WARN_ENUM_CONVERSION = YES;
				CLANG_WARN_INT_CONVERSION = YES;
				CLANG_WARN_OBJC_ROOT_CLASS = YES_ERROR;
				CLANG_WARN_UNREACHABLE_CODE = YES;
				CLANG_WARN__DUPLICATE_METHOD_MATCH = YES;
				"CODE_SIGN_IDENTITY[sdk=iphoneos*]" = "iPhone Developer";
				COPY_PHASE_STRIP = NO;
				DEBUG_INFORMATION_FORMAT = dwarf;
				ENABLE_STRICT_OBJC_MSGSEND = YES;
				ENABLE_TESTABILITY = YES;
				GCC_C_LANGUAGE_STANDARD = gnu99;
				GCC_DYNAMIC_NO_PIC = NO;
				GCC_NO_COMMON_BLOCKS = YES;
				GCC_OPTIMIZATION_LEVEL = 0;
				GCC_PREPROCESSOR_DEFINITIONS = (
					"DEBUG=1",
					"$(inherited)",
				);
				GCC_WARN_64_TO_32_BIT_CONVERSION = YES;
				GCC_WARN_ABOUT_RETURN_TYPE = YES_ERROR;
				GCC_WARN_UNDECLARED_SELECTOR = YES;
				GCC_WARN_UNINITIALIZED_AUTOS = YES_AGGRESSIVE;
				GCC_WARN_UNUSED_FUNCTION = YES;
				GCC_WARN_UNUSED_VARIABLE = YES;
				IPHONEOS_DEPLOYMENT_TARGET = 9.3;
				MTL_ENABLE_DEBUG_INFO = YES;
				ONLY_ACTIVE_ARCH = YES;
				SDKROOT = iphoneos;
				SWIFT_OPTIMIZATION_LEVEL = "-Onone";
				TARGETED_DEVICE_FAMILY = "1,2";
			};
			name = Debug;
		};
		460FE78A1D00C27E0038EEB5 /* Release */ = {
			isa = XCBuildConfiguration;
			buildSettings = {
				ALWAYS_SEARCH_USER_PATHS = NO;
				CLANG_CXX_LANGUAGE_STANDARD = "gnu++0x";
				CLANG_CXX_LIBRARY = "libc++";
				CLANG_ENABLE_MODULES = YES;
				CLANG_ENABLE_OBJC_ARC = YES;
				CLANG_WARN_BOOL_CONVERSION = YES;
				CLANG_WARN_CONSTANT_CONVERSION = YES;
				CLANG_WARN_DIRECT_OBJC_ISA_USAGE = YES_ERROR;
				CLANG_WARN_EMPTY_BODY = YES;
				CLANG_WARN_ENUM_CONVERSION = YES;
				CLANG_WARN_INT_CONVERSION = YES;
				CLANG_WARN_OBJC_ROOT_CLASS = YES_ERROR;
				CLANG_WARN_UNREACHABLE_CODE = YES;
				CLANG_WARN__DUPLICATE_METHOD_MATCH = YES;
				"CODE_SIGN_IDENTITY[sdk=iphoneos*]" = "iPhone Developer";
				COPY_PHASE_STRIP = NO;
				DEBUG_INFORMATION_FORMAT = "dwarf-with-dsym";
				ENABLE_NS_ASSERTIONS = NO;
				ENABLE_STRICT_OBJC_MSGSEND = YES;
				GCC_C_LANGUAGE_STANDARD = gnu99;
				GCC_NO_COMMON_BLOCKS = YES;
				GCC_WARN_64_TO_32_BIT_CONVERSION = YES;
				GCC_WARN_ABOUT_RETURN_TYPE = YES_ERROR;
				GCC_WARN_UNDECLARED_SELECTOR = YES;
				GCC_WARN_UNINITIALIZED_AUTOS = YES_AGGRESSIVE;
				GCC_WARN_UNUSED_FUNCTION = YES;
				GCC_WARN_UNUSED_VARIABLE = YES;
				IPHONEOS_DEPLOYMENT_TARGET = 9.3;
				MTL_ENABLE_DEBUG_INFO = NO;
				SDKROOT = iphoneos;
				TARGETED_DEVICE_FAMILY = "1,2";
				VALIDATE_PRODUCT = YES;
			};
			name = Release;
		};
		460FE78C1D00C27E0038EEB5 /* Debug */ = {
			isa = XCBuildConfiguration;
			baseConfigurationReference = 025E9268185E48A968D9D3D9 /* Pods-MoneyMapp.debug.xcconfig */;
			buildSettings = {
				ASSETCATALOG_COMPILER_APPICON_NAME = AppIcon;
				CODE_SIGN_IDENTITY = "iPhone Developer";
				INFOPLIST_FILE = MoneyMapp/Info.plist;
				IPHONEOS_DEPLOYMENT_TARGET = 9.3;
				LD_RUNPATH_SEARCH_PATHS = "$(inherited) @executable_path/Frameworks";
				PRODUCT_BUNDLE_IDENTIFIER = com.TungLy.MoneyMapp;
				PRODUCT_NAME = "$(TARGET_NAME)";
			};
			name = Debug;
		};
		460FE78D1D00C27E0038EEB5 /* Release */ = {
			isa = XCBuildConfiguration;
			baseConfigurationReference = 27A1DA4A01A508606655527E /* Pods-MoneyMapp.release.xcconfig */;
			buildSettings = {
				ASSETCATALOG_COMPILER_APPICON_NAME = AppIcon;
				CODE_SIGN_IDENTITY = "iPhone Developer";
				INFOPLIST_FILE = MoneyMapp/Info.plist;
				IPHONEOS_DEPLOYMENT_TARGET = 9.3;
				LD_RUNPATH_SEARCH_PATHS = "$(inherited) @executable_path/Frameworks";
				PRODUCT_BUNDLE_IDENTIFIER = com.TungLy.MoneyMapp;
				PRODUCT_NAME = "$(TARGET_NAME)";
			};
			name = Release;
		};
		460FE78F1D00C27E0038EEB5 /* Debug */ = {
			isa = XCBuildConfiguration;
			buildSettings = {
				BUNDLE_LOADER = "$(TEST_HOST)";
				INFOPLIST_FILE = MoneyMappTests/Info.plist;
				LD_RUNPATH_SEARCH_PATHS = "$(inherited) @executable_path/Frameworks @loader_path/Frameworks";
				PRODUCT_BUNDLE_IDENTIFIER = TungLy.MoneyMappTests;
				PRODUCT_NAME = "$(TARGET_NAME)";
				TEST_HOST = "$(BUILT_PRODUCTS_DIR)/MoneyMapp.app/MoneyMapp";
			};
			name = Debug;
		};
		460FE7901D00C27E0038EEB5 /* Release */ = {
			isa = XCBuildConfiguration;
			buildSettings = {
				BUNDLE_LOADER = "$(TEST_HOST)";
				INFOPLIST_FILE = MoneyMappTests/Info.plist;
				LD_RUNPATH_SEARCH_PATHS = "$(inherited) @executable_path/Frameworks @loader_path/Frameworks";
				PRODUCT_BUNDLE_IDENTIFIER = TungLy.MoneyMappTests;
				PRODUCT_NAME = "$(TARGET_NAME)";
				TEST_HOST = "$(BUILT_PRODUCTS_DIR)/MoneyMapp.app/MoneyMapp";
			};
			name = Release;
		};
		460FE7921D00C27E0038EEB5 /* Debug */ = {
			isa = XCBuildConfiguration;
			buildSettings = {
				INFOPLIST_FILE = MoneyMappUITests/Info.plist;
				LD_RUNPATH_SEARCH_PATHS = "$(inherited) @executable_path/Frameworks @loader_path/Frameworks";
				PRODUCT_BUNDLE_IDENTIFIER = TungLy.MoneyMappUITests;
				PRODUCT_NAME = "$(TARGET_NAME)";
				TEST_TARGET_NAME = MoneyMapp;
				USES_XCTRUNNER = YES;
			};
			name = Debug;
		};
		460FE7931D00C27E0038EEB5 /* Release */ = {
			isa = XCBuildConfiguration;
			buildSettings = {
				INFOPLIST_FILE = MoneyMappUITests/Info.plist;
				LD_RUNPATH_SEARCH_PATHS = "$(inherited) @executable_path/Frameworks @loader_path/Frameworks";
				PRODUCT_BUNDLE_IDENTIFIER = TungLy.MoneyMappUITests;
				PRODUCT_NAME = "$(TARGET_NAME)";
				TEST_TARGET_NAME = MoneyMapp;
				USES_XCTRUNNER = YES;
			};
			name = Release;
		};
/* End XCBuildConfiguration section */

/* Begin XCConfigurationList section */
		460FE75B1D00C27D0038EEB5 /* Build configuration list for PBXProject "MoneyMapp" */ = {
			isa = XCConfigurationList;
			buildConfigurations = (
				460FE7891D00C27E0038EEB5 /* Debug */,
				460FE78A1D00C27E0038EEB5 /* Release */,
			);
			defaultConfigurationIsVisible = 0;
			defaultConfigurationName = Release;
		};
		460FE78B1D00C27E0038EEB5 /* Build configuration list for PBXNativeTarget "MoneyMapp" */ = {
			isa = XCConfigurationList;
			buildConfigurations = (
				460FE78C1D00C27E0038EEB5 /* Debug */,
				460FE78D1D00C27E0038EEB5 /* Release */,
			);
			defaultConfigurationIsVisible = 0;
			defaultConfigurationName = Release;
		};
		460FE78E1D00C27E0038EEB5 /* Build configuration list for PBXNativeTarget "MoneyMappTests" */ = {
			isa = XCConfigurationList;
			buildConfigurations = (
				460FE78F1D00C27E0038EEB5 /* Debug */,
				460FE7901D00C27E0038EEB5 /* Release */,
			);
			defaultConfigurationIsVisible = 0;
			defaultConfigurationName = Release;
		};
		460FE7911D00C27E0038EEB5 /* Build configuration list for PBXNativeTarget "MoneyMappUITests" */ = {
			isa = XCConfigurationList;
			buildConfigurations = (
				460FE7921D00C27E0038EEB5 /* Debug */,
				460FE7931D00C27E0038EEB5 /* Release */,
			);
			defaultConfigurationIsVisible = 0;
			defaultConfigurationName = Release;
		};
/* End XCConfigurationList section */

/* Begin XCVersionGroup section */
		460FE76A1D00C27D0038EEB5 /* MoneyMapp.xcdatamodeld */ = {
			isa = XCVersionGroup;
			children = (
				460FE76B1D00C27D0038EEB5 /* MoneyMapp.xcdatamodel */,
			);
			currentVersion = 460FE76B1D00C27D0038EEB5 /* MoneyMapp.xcdatamodel */;
			path = MoneyMapp.xcdatamodeld;
			sourceTree = "<group>";
			versionGroupType = wrapper.xcdatamodel;
		};
/* End XCVersionGroup section */
	};
	rootObject = 460FE7581D00C27D0038EEB5 /* Project object */;
}
